
Microsoft Visual Studio Solution File, Format Version 12.00
# Visual Studio Version 17
VisualStudioVersion = 17.0.31903.59
MinimumVisualStudioVersion = 10.0.40219.1
Project("{2150E333-8FDC-42A3-9474-1A3956D46DE8}") = "src", "src", "{827E0CD3-B72D-47B6-A68D-7590B98EB39B}"
EndProject
Project("{FAE04EC0-301F-11D3-BF4B-00C04F79EFBC}") = "Domain", "src\Domain\Domain.csproj", "{4BC1088B-1A39-4280-B94B-D24F643066A8}"
EndProject
Project("{FAE04EC0-301F-11D3-BF4B-00C04F79EFBC}") = "Application", "src\Application\Application.csproj", "{C09F1805-BFDC-4A0F-9B93-DFBDF8C43175}"
EndProject
Project("{FAE04EC0-301F-11D3-BF4B-00C04F79EFBC}") = "Infrastructure", "src\Infrastructure\Infrastructure.csproj", "{635E70B0-0A1B-4D69-91BA-9B23935C18DA}"
EndProject
Project("{FAE04EC0-301F-11D3-BF4B-00C04F79EFBC}") = "Api", "src\Api\Api.csproj", "{2D4BA661-E7F8-4F9A-BC47-B3B1069E47E1}"
EndProject
Project("{2150E333-8FDC-42A3-9474-1A3956D46DE8}") = "Solution Items", "Solution Items", "{8EC462FD-D22E-90A8-E5CE-7E832BA40C5D}"
	ProjectSection(SolutionItems) = preProject
		VIbraTicket.mcp.json = VIbraTicket.mcp.json
	EndProjectSection
EndProject
Project("{2150E333-8FDC-42A3-9474-1A3956D46DE8}") = "tests", "tests", "{0AB3BF05-4346-4AA6-1389-037BE0695223}"
EndProject
Project("{FAE04EC0-301F-11D3-BF4B-00C04F79EFBC}") = "Application.Tests", "tests\Application.Tests\Application.Tests.csproj", "{EFE15C2D-350D-4ED8-810F-A78965B7489A}"
EndProject
Global
	GlobalSection(SolutionConfigurationPlatforms) = preSolution
		Debug|Any CPU = Debug|Any CPU
		Debug|x64 = Debug|x64
		Debug|x86 = Debug|x86
		Release|Any CPU = Release|Any CPU
		Release|x64 = Release|x64
		Release|x86 = Release|x86
	EndGlobalSection
	GlobalSection(ProjectConfigurationPlatforms) = postSolution
		{4BC1088B-1A39-4280-B94B-D24F643066A8}.Debug|Any CPU.ActiveCfg = Debug|Any CPU
		{4BC1088B-1A39-4280-B94B-D24F643066A8}.Debug|Any CPU.Build.0 = Debug|Any CPU
		{4BC1088B-1A39-4280-B94B-D24F643066A8}.Debug|x64.ActiveCfg = Debug|Any CPU
		{4BC1088B-1A39-4280-B94B-D24F643066A8}.Debug|x64.Build.0 = Debug|Any CPU
		{4BC1088B-1A39-4280-B94B-D24F643066A8}.Debug|x86.ActiveCfg = Debug|Any CPU
		{4BC1088B-1A39-4280-B94B-D24F643066A8}.Debug|x86.Build.0 = Debug|Any CPU
		{4BC1088B-1A39-4280-B94B-D24F643066A8}.Release|Any CPU.ActiveCfg = Release|Any CPU
		{4BC1088B-1A39-4280-B94B-D24F643066A8}.Release|Any CPU.Build.0 = Release|Any CPU
		{4BC1088B-1A39-4280-B94B-D24F643066A8}.Release|x64.ActiveCfg = Release|Any CPU
		{4BC1088B-1A39-4280-B94B-D24F643066A8}.Release|x64.Build.0 = Release|Any CPU
		{4BC1088B-1A39-4280-B94B-D24F643066A8}.Release|x86.ActiveCfg = Release|Any CPU
		{4BC1088B-1A39-4280-B94B-D24F643066A8}.Release|x86.Build.0 = Release|Any CPU
		{C09F1805-BFDC-4A0F-9B93-DFBDF8C43175}.Debug|Any CPU.ActiveCfg = Debug|Any CPU
		{C09F1805-BFDC-4A0F-9B93-DFBDF8C43175}.Debug|Any CPU.Build.0 = Debug|Any CPU
		{C09F1805-BFDC-4A0F-9B93-DFBDF8C43175}.Debug|x64.ActiveCfg = Debug|Any CPU
		{C09F1805-BFDC-4A0F-9B93-DFBDF8C43175}.Debug|x64.Build.0 = Debug|Any CPU
		{C09F1805-BFDC-4A0F-9B93-DFBDF8C43175}.Debug|x86.ActiveCfg = Debug|Any CPU
		{C09F1805-BFDC-4A0F-9B93-DFBDF8C43175}.Debug|x86.Build.0 = Debug|Any CPU
		{C09F1805-BFDC-4A0F-9B93-DFBDF8C43175}.Release|Any CPU.ActiveCfg = Release|Any CPU
		{C09F1805-BFDC-4A0F-9B93-DFBDF8C43175}.Release|Any CPU.Build.0 = Release|Any CPU
		{C09F1805-BFDC-4A0F-9B93-DFBDF8C43175}.Release|x64.ActiveCfg = Release|Any CPU
		{C09F1805-BFDC-4A0F-9B93-DFBDF8C43175}.Release|x64.Build.0 = Release|Any CPU
		{C09F1805-BFDC-4A0F-9B93-DFBDF8C43175}.Release|x86.ActiveCfg = Release|Any CPU
		{C09F1805-BFDC-4A0F-9B93-DFBDF8C43175}.Release|x86.Build.0 = Release|Any CPU
		{635E70B0-0A1B-4D69-91BA-9B23935C18DA}.Debug|Any CPU.ActiveCfg = Debug|Any CPU
		{635E70B0-0A1B-4D69-91BA-9B23935C18DA}.Debug|Any CPU.Build.0 = Debug|Any CPU
		{635E70B0-0A1B-4D69-91BA-9B23935C18DA}.Debug|x64.ActiveCfg = Debug|Any CPU
		{635E70B0-0A1B-4D69-91BA-9B23935C18DA}.Debug|x64.Build.0 = Debug|Any CPU
		{635E70B0-0A1B-4D69-91BA-9B23935C18DA}.Debug|x86.ActiveCfg = Debug|Any CPU
		{635E70B0-0A1B-4D69-91BA-9B23935C18DA}.Debug|x86.Build.0 = Debug|Any CPU
		{635E70B0-0A1B-4D69-91BA-9B23935C18DA}.Release|Any CPU.ActiveCfg = Release|Any CPU
		{635E70B0-0A1B-4D69-91BA-9B23935C18DA}.Release|Any CPU.Build.0 = Release|Any CPU
		{635E70B0-0A1B-4D69-91BA-9B23935C18DA}.Release|x64.ActiveCfg = Release|Any CPU
		{635E70B0-0A1B-4D69-91BA-9B23935C18DA}.Release|x64.Build.0 = Release|Any CPU
		{635E70B0-0A1B-4D69-91BA-9B23935C18DA}.Release|x86.ActiveCfg = Release|Any CPU
		{635E70B0-0A1B-4D69-91BA-9B23935C18DA}.Release|x86.Build.0 = Release|Any CPU
		{2D4BA661-E7F8-4F9A-BC47-B3B1069E47E1}.Debug|Any CPU.ActiveCfg = Debug|Any CPU
		{2D4BA661-E7F8-4F9A-BC47-B3B1069E47E1}.Debug|Any CPU.Build.0 = Debug|Any CPU
		{2D4BA661-E7F8-4F9A-BC47-B3B1069E47E1}.Debug|x64.ActiveCfg = Debug|Any CPU
		{2D4BA661-E7F8-4F9A-BC47-B3B1069E47E1}.Debug|x64.Build.0 = Debug|Any CPU
		{2D4BA661-E7F8-4F9A-BC47-B3B1069E47E1}.Debug|x86.ActiveCfg = Debug|Any CPU
		{2D4BA661-E7F8-4F9A-BC47-B3B1069E47E1}.Debug|x86.Build.0 = Debug|Any CPU
		{2D4BA661-E7F8-4F9A-BC47-B3B1069E47E1}.Release|Any CPU.ActiveCfg = Release|Any CPU
		{2D4BA661-E7F8-4F9A-BC47-B3B1069E47E1}.Release|Any CPU.Build.0 = Release|Any CPU
		{2D4BA661-E7F8-4F9A-BC47-B3B1069E47E1}.Release|x64.ActiveCfg = Release|Any CPU
		{2D4BA661-E7F8-4F9A-BC47-B3B1069E47E1}.Release|x64.Build.0 = Release|Any CPU
		{2D4BA661-E7F8-4F9A-BC47-B3B1069E47E1}.Release|x86.ActiveCfg = Release|Any CPU
		{2D4BA661-E7F8-4F9A-BC47-B3B1069E47E1}.Release|x86.Build.0 = Release|Any CPU
		{EFE15C2D-350D-4ED8-810F-A78965B7489A}.Debug|Any CPU.ActiveCfg = Debug|Any CPU
		{EFE15C2D-350D-4ED8-810F-A78965B7489A}.Debug|Any CPU.Build.0 = Debug|Any CPU
		{EFE15C2D-350D-4ED8-810F-A78965B7489A}.Debug|x64.ActiveCfg = Debug|Any CPU
		{EFE15C2D-350D-4ED8-810F-A78965B7489A}.Debug|x64.Build.0 = Debug|Any CPU
		{EFE15C2D-350D-4ED8-810F-A78965B7489A}.Debug|x86.ActiveCfg = Debug|Any CPU
		{EFE15C2D-350D-4ED8-810F-A78965B7489A}.Debug|x86.Build.0 = Debug|Any CPU
		{EFE15C2D-350D-4ED8-810F-A78965B7489A}.Release|Any CPU.ActiveCfg = Release|Any CPU
		{EFE15C2D-350D-4ED8-810F-A78965B7489A}.Release|Any CPU.Build.0 = Release|Any CPU
		{EFE15C2D-350D-4ED8-810F-A78965B7489A}.Release|x64.ActiveCfg = Release|Any CPU
		{EFE15C2D-350D-4ED8-810F-A78965B7489A}.Release|x64.Build.0 = Release|Any CPU
		{EFE15C2D-350D-4ED8-810F-A78965B7489A}.Release|x86.ActiveCfg = Release|Any CPU
		{EFE15C2D-350D-4ED8-810F-A78965B7489A}.Release|x86.Build.0 = Release|Any CPU
	EndGlobalSection
	GlobalSection(SolutionProperties) = preSolution
		HideSolutionNode = FALSE
	EndGlobalSection
	GlobalSection(NestedProjects) = preSolution
		{4BC1088B-1A39-4280-B94B-D24F643066A8} = {827E0CD3-B72D-47B6-A68D-7590B98EB39B}
		{C09F1805-BFDC-4A0F-9B93-DFBDF8C43175} = {827E0CD3-B72D-47B6-A68D-7590B98EB39B}
		{635E70B0-0A1B-4D69-91BA-9B23935C18DA} = {827E0CD3-B72D-47B6-A68D-7590B98EB39B}
		{2D4BA661-E7F8-4F9A-BC47-B3B1069E47E1} = {827E0CD3-B72D-47B6-A68D-7590B98EB39B}
		{EFE15C2D-350D-4ED8-810F-A78965B7489A} = {0AB3BF05-4346-4AA6-1389-037BE0695223}
	EndGlobalSection
	GlobalSection(ExtensibilityGlobals) = postSolution
		SolutionGuid = {A80ABC16-3C2C-4D28-B48C-52C85FACC7F3}
	EndGlobalSection
EndGlobal
